
Microsoft Visual Studio Solution File, Format Version 12.00
# Visual Studio Version 17
VisualStudioVersion = 17.14.36518.9 d17.14
MinimumVisualStudioVersion = 10.0.40219.1
Project("{FAE04EC0-301F-11D3-BF4B-00C04F79EFBC}") = "TestTaskForSHIFTCFTBank", "TestTaskForSHIFTCFTBank\TestTaskForSHIFTCFTBank.csproj", "{5B3FC655-3F2A-43C5-B2BD-7EB592FAB679}"
EndProject
Project("{FAE04EC0-301F-11D3-BF4B-00C04F79EFBC}") = "TestTaskForSHIFTCFTBank.Core", "TestTaskForSHIFTCFTBank.Core\TestTaskForSHIFTCFTBank.Core.csproj", "{C5B4B3C6-4DC6-452F-842B-F12630F20BB0}"
EndProject
Project("{FAE04EC0-301F-11D3-BF4B-00C04F79EFBC}") = "TestTaskForSHIFTCFTBank.DataAccess.Sqlite", "TestTaskForSHIFTCFTBank.DataAccess.Sqlite\TestTaskForSHIFTCFTBank.DataAccess.Sqlite.csproj", "{A6C7DB50-89A2-4B41-8243-23830DE12056}"
EndProject
Global
	GlobalSection(SolutionConfigurationPlatforms) = preSolution
		Debug|Any CPU = Debug|Any CPU
		Release|Any CPU = Release|Any CPU
	EndGlobalSection
	GlobalSection(ProjectConfigurationPlatforms) = postSolution
		{5B3FC655-3F2A-43C5-B2BD-7EB592FAB679}.Debug|Any CPU.ActiveCfg = Debug|Any CPU
		{5B3FC655-3F2A-43C5-B2BD-7EB592FAB679}.Debug|Any CPU.Build.0 = Debug|Any CPU
		{5B3FC655-3F2A-43C5-B2BD-7EB592FAB679}.Release|Any CPU.ActiveCfg = Release|Any CPU
		{5B3FC655-3F2A-43C5-B2BD-7EB592FAB679}.Release|Any CPU.Build.0 = Release|Any CPU
		{C5B4B3C6-4DC6-452F-842B-F12630F20BB0}.Debug|Any CPU.ActiveCfg = Debug|Any CPU
		{C5B4B3C6-4DC6-452F-842B-F12630F20BB0}.Debug|Any CPU.Build.0 = Debug|Any CPU
		{C5B4B3C6-4DC6-452F-842B-F12630F20BB0}.Release|Any CPU.ActiveCfg = Release|Any CPU
		{C5B4B3C6-4DC6-452F-842B-F12630F20BB0}.Release|Any CPU.Build.0 = Release|Any CPU
		{A6C7DB50-89A2-4B41-8243-23830DE12056}.Debug|Any CPU.ActiveCfg = Debug|Any CPU
		{A6C7DB50-89A2-4B41-8243-23830DE12056}.Debug|Any CPU.Build.0 = Debug|Any CPU
		{A6C7DB50-89A2-4B41-8243-23830DE12056}.Release|Any CPU.ActiveCfg = Release|Any CPU
		{A6C7DB50-89A2-4B41-8243-23830DE12056}.Release|Any CPU.Build.0 = Release|Any CPU
	EndGlobalSection
	GlobalSection(SolutionProperties) = preSolution
		HideSolutionNode = FALSE
	EndGlobalSection
	GlobalSection(ExtensibilityGlobals) = postSolution
		SolutionGuid = {032CFE2A-5308-42A7-AC9D-EFF755526236}
	EndGlobalSection
EndGlobal
